<?xml version="1.0" encoding="utf-8"?>
<Project ToolsVersion="4.0" xmlns="http://schemas.microsoft.com/developer/msbuild/2003">
  <ItemGroup>
    <Filter Include="Archivos de origen">
      <UniqueIdentifier>{4FC737F1-C7A5-4376-A066-2A32D752A2FF}</UniqueIdentifier>
      <Extensions>cpp;c;cc;cxx;c++;cppm;ixx;def;odl;idl;hpj;bat;asm;asmx</Extensions>
    </Filter>
    <Filter Include="Archivos de encabezado">
      <UniqueIdentifier>{93995380-89BD-4b04-88EB-625FBE52EBFB}</UniqueIdentifier>
      <Extensions>h;hh;hpp;hxx;h++;hm;inl;inc;ipp;xsd</Extensions>
    </Filter>
    <Filter Include="Archivos de recursos">
      <UniqueIdentifier>{67DA6AB6-F800-4c08-8B7A-83BB121AAD01}</UniqueIdentifier>
      <Extensions>rc;ico;cur;bmp;dlg;rc2;rct;bin;rgs;gif;jpg;jpeg;jpe;resx;tiff;tif;png;wav;mfcribbon-ms</Extensions>
    </Filter>
  </ItemGroup>
  <ItemGroup>
    <ClCompile Include="main.cc">
      <Filter>Archivos de origen</Filter>
    </ClCompile>
    <ClCompile Include="src\engine\windowsystem.cc">
      <Filter>Archivos de origen</Filter>
    </ClCompile>
    <ClCompile Include="src\engine\renderersystem.cc">
      <Filter>Archivos de origen</Filter>
    </ClCompile>
    <ClCompile Include="src\engine\debugsystem.cc">
      <Filter>Archivos de origen</Filter>
    </ClCompile>
    <ClCompile Include="src\engine\videosystem.cc">
      <Filter>Archivos de origen</Filter>
    </ClCompile>
    <ClCompile Include="src\engine\systemcomponent.cc">
      <Filter>Archivos de origen</Filter>
    </ClCompile>
    <ClCompile Include="src\engine\enginesystem.cc">
      <Filter>Archivos de origen</Filter>
    </ClCompile>
    <ClCompile Include="src\game.cc">
      <Filter>Archivos de origen</Filter>
    </ClCompile>
    <ClCompile Include="src\gui\cursor.cc">
      <Filter>Archivos de origen</Filter>
    </ClCompile>
    <ClCompile Include="src\engine\resourcesystem.cc">
      <Filter>Archivos de origen</Filter>
    </ClCompile>
    <ClCompile Include="src\gui\visualelement.cc">
      <Filter>Archivos de origen</Filter>
    </ClCompile>
    <ClCompile Include="src\gui\animatedsprite.cc">
      <Filter>Archivos de origen</Filter>
    </ClCompile>
    <ClCompile Include="src\gui\terrain.cc">
      <Filter>Archivos de origen</Filter>
    </ClCompile>
    <ClCompile Include="src\gui\map.cc">
      <Filter>Archivos de origen</Filter>
    </ClCompile>
    <ClCompile Include="src\gui\landunit.cc">
      <Filter>Archivos de origen</Filter>
    </ClCompile>
    <ClCompile Include="src\gui\foresttree.cc">
      <Filter>Archivos de origen</Filter>
    </ClCompile>
  </ItemGroup>
  <ItemGroup>
    <ClInclude Include="src\engine\windowsystem.hh">
      <Filter>Archivos de origen</Filter>
    </ClInclude>
    <ClInclude Include="src\engine\renderersystem.hh">
      <Filter>Archivos de origen</Filter>
    </ClInclude>
    <ClInclude Include="src\engine\debugsystem.hh">
      <Filter>Archivos de origen</Filter>
    </ClInclude>
    <ClInclude Include="src\engine\videosystem.hh">
      <Filter>Archivos de origen</Filter>
    </ClInclude>
    <ClInclude Include="src\engine\systemcomponent.hh">
      <Filter>Archivos de origen</Filter>
    </ClInclude>
    <ClInclude Include="src\engine\enginesystem.hh">
      <Filter>Archivos de origen</Filter>
    </ClInclude>
    <ClInclude Include="src\game.hh">
      <Filter>Archivos de origen</Filter>
    </ClInclude>
    <ClInclude Include="src\gui\cursor.hh">
      <Filter>Archivos de origen</Filter>
    </ClInclude>
    <ClInclude Include="src\engine\resourcesystem.hh">
      <Filter>Archivos de origen</Filter>
    </ClInclude>
    <ClInclude Include="src\gui\visualelement.hh">
      <Filter>Archivos de origen</Filter>
    </ClInclude>
    <ClInclude Include="src\gui\animatedsprite.hh">
      <Filter>Archivos de origen</Filter>
    </ClInclude>
    <ClInclude Include="src\gui\terrain.hh">
      <Filter>Archivos de origen</Filter>
    </ClInclude>
    <ClInclude Include="src\gui\map.hh">
      <Filter>Archivos de origen</Filter>
    </ClInclude>
    <ClInclude Include="src\gui\landunit.hh">
      <Filter>Archivos de origen</Filter>
    </ClInclude>
    <ClInclude Include="src\gui\foresttree.hh">
      <Filter>Archivos de origen</Filter>
    </ClInclude>
  </ItemGroup>
</Project>